
Microsoft Visual Studio Solution File, Format Version 12.00
# Visual Studio 14
VisualStudioVersion = 14.0.25420.1
MinimumVisualStudioVersion = 10.0.40219.1
Project("{FAE04EC0-301F-11D3-BF4B-00C04F79EFBC}") = "Team11AD", "Team11AD\Team11AD.csproj", "{CB1D2C0F-E6FF-4D54-BDFF-521EAFE66B27}"
EndProject
Project("{FAE04EC0-301F-11D3-BF4B-00C04F79EFBC}") = "BusinessObject", "BusinessObject\BusinessObject.csproj", "{C44540F4-DAF3-4CF7-B700-BB0B8B19895B}"
EndProject
Project("{FAE04EC0-301F-11D3-BF4B-00C04F79EFBC}") = "BusinessLogic", "BusinessLogic\BusinessLogic.csproj", "{59C03AF8-BBDA-434B-89CC-5F46813B9CBE}"
EndProject
Project("{FAE04EC0-301F-11D3-BF4B-00C04F79EFBC}") = "DataAccess", "DataAccess\DataAccess.csproj", "{6E4596D6-5B97-41EC-99BF-B0D2A6837B1F}"
EndProject
Global
	GlobalSection(SolutionConfigurationPlatforms) = preSolution
		Debug|Any CPU = Debug|Any CPU
		Release|Any CPU = Release|Any CPU
	EndGlobalSection
	GlobalSection(ProjectConfigurationPlatforms) = postSolution
		{CB1D2C0F-E6FF-4D54-BDFF-521EAFE66B27}.Debug|Any CPU.ActiveCfg = Debug|Any CPU
		{CB1D2C0F-E6FF-4D54-BDFF-521EAFE66B27}.Debug|Any CPU.Build.0 = Debug|Any CPU
		{CB1D2C0F-E6FF-4D54-BDFF-521EAFE66B27}.Release|Any CPU.ActiveCfg = Release|Any CPU
		{CB1D2C0F-E6FF-4D54-BDFF-521EAFE66B27}.Release|Any CPU.Build.0 = Release|Any CPU
		{C44540F4-DAF3-4CF7-B700-BB0B8B19895B}.Debug|Any CPU.ActiveCfg = Debug|Any CPU
		{C44540F4-DAF3-4CF7-B700-BB0B8B19895B}.Debug|Any CPU.Build.0 = Debug|Any CPU
		{C44540F4-DAF3-4CF7-B700-BB0B8B19895B}.Release|Any CPU.ActiveCfg = Release|Any CPU
		{C44540F4-DAF3-4CF7-B700-BB0B8B19895B}.Release|Any CPU.Build.0 = Release|Any CPU
		{59C03AF8-BBDA-434B-89CC-5F46813B9CBE}.Debug|Any CPU.ActiveCfg = Debug|Any CPU
		{59C03AF8-BBDA-434B-89CC-5F46813B9CBE}.Debug|Any CPU.Build.0 = Debug|Any CPU
		{59C03AF8-BBDA-434B-89CC-5F46813B9CBE}.Release|Any CPU.ActiveCfg = Release|Any CPU
		{59C03AF8-BBDA-434B-89CC-5F46813B9CBE}.Release|Any CPU.Build.0 = Release|Any CPU
		{6E4596D6-5B97-41EC-99BF-B0D2A6837B1F}.Debug|Any CPU.ActiveCfg = Debug|Any CPU
		{6E4596D6-5B97-41EC-99BF-B0D2A6837B1F}.Debug|Any CPU.Build.0 = Debug|Any CPU
		{6E4596D6-5B97-41EC-99BF-B0D2A6837B1F}.Release|Any CPU.ActiveCfg = Release|Any CPU
		{6E4596D6-5B97-41EC-99BF-B0D2A6837B1F}.Release|Any CPU.Build.0 = Release|Any CPU
	EndGlobalSection
	GlobalSection(SolutionProperties) = preSolution
		HideSolutionNode = FALSE
	EndGlobalSection
EndGlobal
